// !$*UTF8*$!
{
	archiveVersion = 1;
	classes = {
	};
	objectVersion = 56;
	objects = {

/* Begin PBXBuildFile section */
		620A52AF2B01774E00449D0D /* ColorViewController.swift in Sources */ = {isa = PBXBuildFile; fileRef = 620A52AD2B01774E00449D0D /* ColorViewController.swift */; };
		620A52B02B01774E00449D0D /* ColorViewController.xib in Resources */ = {isa = PBXBuildFile; fileRef = 620A52AE2B01774E00449D0D /* ColorViewController.xib */; };
		620A52B22B01775B00449D0D /* ColorViewModel.swift in Sources */ = {isa = PBXBuildFile; fileRef = 620A52B12B01775B00449D0D /* ColorViewModel.swift */; };
		620A52B52B017A4100449D0D /* KilometrageViewController.swift in Sources */ = {isa = PBXBuildFile; fileRef = 620A52B32B017A4100449D0D /* KilometrageViewController.swift */; };
		620A52B62B017A4100449D0D /* KilometrageViewController.xib in Resources */ = {isa = PBXBuildFile; fileRef = 620A52B42B017A4100449D0D /* KilometrageViewController.xib */; };
		620A52B82B017BE100449D0D /* Extension+UITextField.swift in Sources */ = {isa = PBXBuildFile; fileRef = 620A52B72B017BE100449D0D /* Extension+UITextField.swift */; };
		620A52BA2B01806000449D0D /* Extension+String.swift in Sources */ = {isa = PBXBuildFile; fileRef = 620A52B92B01806000449D0D /* Extension+String.swift */; };
		620A52BC2B01FF1B00449D0D /* ShowPriceViewController.swift in Sources */ = {isa = PBXBuildFile; fileRef = 620A52BB2B01FF1B00449D0D /* ShowPriceViewController.swift */; };
		6237C8182AFDF50600E6B460 /* BasicFeatures.swift in Sources */ = {isa = PBXBuildFile; fileRef = 6237C8172AFDF50600E6B460 /* BasicFeatures.swift */; };
		62394D182AFF7DB80036EC55 /* BaseViewController.swift in Sources */ = {isa = PBXBuildFile; fileRef = 62394D172AFF7DB80036EC55 /* BaseViewController.swift */; };
		62394D1B2AFF8BC90036EC55 /* MakesListViewController.swift in Sources */ = {isa = PBXBuildFile; fileRef = 62394D192AFF8BC90036EC55 /* MakesListViewController.swift */; };
		62394D1C2AFF8BC90036EC55 /* MakesListViewController.xib in Resources */ = {isa = PBXBuildFile; fileRef = 62394D1A2AFF8BC90036EC55 /* MakesListViewController.xib */; };
		62394D1E2AFF96F70036EC55 /* CarInfoModel.swift in Sources */ = {isa = PBXBuildFile; fileRef = 62394D1D2AFF96F70036EC55 /* CarInfoModel.swift */; };
		62394D212AFFC1BC0036EC55 /* TrimsListViewController.swift in Sources */ = {isa = PBXBuildFile; fileRef = 62394D1F2AFFC1BC0036EC55 /* TrimsListViewController.swift */; };
		62394D222AFFC1BC0036EC55 /* TrimsListViewController.xib in Resources */ = {isa = PBXBuildFile; fileRef = 62394D202AFFC1BC0036EC55 /* TrimsListViewController.xib */; };
		62394D282AFFF83B0036EC55 /* MakesListViewModel.swift in Sources */ = {isa = PBXBuildFile; fileRef = 62394D272AFFF83B0036EC55 /* MakesListViewModel.swift */; };
		62394D2A2AFFF8880036EC55 /* BaseViewModel.swift in Sources */ = {isa = PBXBuildFile; fileRef = 62394D292AFFF8880036EC55 /* BaseViewModel.swift */; };
		62394D2C2AFFFA190036EC55 /* TrimsListViewModel.swift in Sources */ = {isa = PBXBuildFile; fileRef = 62394D2B2AFFFA190036EC55 /* TrimsListViewModel.swift */; };
		62394D2E2AFFFBAF0036EC55 /* ResultListViewModel.swift in Sources */ = {isa = PBXBuildFile; fileRef = 62394D2D2AFFFBAF0036EC55 /* ResultListViewModel.swift */; };
		626E18872B021E7C00E1C416 /* Extension+Int.swift in Sources */ = {isa = PBXBuildFile; fileRef = 626E18862B021E7C00E1C416 /* Extension+Int.swift */; };
		626E188B2B02253000E1C416 /* CustomTableViewCell.swift in Sources */ = {isa = PBXBuildFile; fileRef = 626E18892B02253000E1C416 /* CustomTableViewCell.swift */; };
		626E188C2B02253000E1C416 /* CustomTableViewCell.xib in Resources */ = {isa = PBXBuildFile; fileRef = 626E188A2B02253000E1C416 /* CustomTableViewCell.xib */; };
		626E188E2B022D4F00E1C416 /* ShadowView.swift in Sources */ = {isa = PBXBuildFile; fileRef = 626E188D2B022D4F00E1C416 /* ShadowView.swift */; };
		626E18902B0294E700E1C416 /* CustomButton.swift in Sources */ = {isa = PBXBuildFile; fileRef = 626E188F2B0294E700E1C416 /* CustomButton.swift */; };
		62A0CED02AFDE6E100BE9340 /* AppDelegate.swift in Sources */ = {isa = PBXBuildFile; fileRef = 62A0CECF2AFDE6E100BE9340 /* AppDelegate.swift */; };
		62A0CED22AFDE6E100BE9340 /* SceneDelegate.swift in Sources */ = {isa = PBXBuildFile; fileRef = 62A0CED12AFDE6E100BE9340 /* SceneDelegate.swift */; };
		62A0CED42AFDE6E100BE9340 /* ViewController.swift in Sources */ = {isa = PBXBuildFile; fileRef = 62A0CED32AFDE6E100BE9340 /* ViewController.swift */; };
		62A0CED72AFDE6E100BE9340 /* Main.storyboard in Resources */ = {isa = PBXBuildFile; fileRef = 62A0CED52AFDE6E100BE9340 /* Main.storyboard */; };
		62A0CED92AFDE6E300BE9340 /* Assets.xcassets in Resources */ = {isa = PBXBuildFile; fileRef = 62A0CED82AFDE6E300BE9340 /* Assets.xcassets */; };
		62A0CEDC2AFDE6E300BE9340 /* LaunchScreen.storyboard in Resources */ = {isa = PBXBuildFile; fileRef = 62A0CEDA2AFDE6E300BE9340 /* LaunchScreen.storyboard */; };
		62B7F7942B01337C000ED864 /* CustomPickerView.swift in Sources */ = {isa = PBXBuildFile; fileRef = 62B7F7932B01337C000ED864 /* CustomPickerView.swift */; };
		62B7F7972B016AA4000ED864 /* ChooseTrimViewController.swift in Sources */ = {isa = PBXBuildFile; fileRef = 62B7F7952B016AA4000ED864 /* ChooseTrimViewController.swift */; };
		62B7F7982B016AA4000ED864 /* ChooseTrimViewController.xib in Resources */ = {isa = PBXBuildFile; fileRef = 62B7F7962B016AA4000ED864 /* ChooseTrimViewController.xib */; };
		62B7F79A2B016B07000ED864 /* ChooseTrimViewModel.swift in Sources */ = {isa = PBXBuildFile; fileRef = 62B7F7992B016B07000ED864 /* ChooseTrimViewModel.swift */; };
		62BDB3B82AFF112D004519F1 /* Trims.swift in Sources */ = {isa = PBXBuildFile; fileRef = 62BDB3B72AFF112D004519F1 /* Trims.swift */; };
		62BDB3BA2AFF11F1004519F1 /* Config.swift in Sources */ = {isa = PBXBuildFile; fileRef = 62BDB3B92AFF11F1004519F1 /* Config.swift */; };
		62BDB3BC2AFF170D004519F1 /* PriceResult.swift in Sources */ = {isa = PBXBuildFile; fileRef = 62BDB3BB2AFF170D004519F1 /* PriceResult.swift */; };
		62BDB3C12AFF6457004519F1 /* DataManager.swift in Sources */ = {isa = PBXBuildFile; fileRef = 62BDB3C02AFF6457004519F1 /* DataManager.swift */; };
		62BDB3C62AFF680B004519F1 /* FeatureListViewController.swift in Sources */ = {isa = PBXBuildFile; fileRef = 62BDB3C42AFF680B004519F1 /* FeatureListViewController.swift */; };
		62BDB3C72AFF680B004519F1 /* FeatureListViewController.xib in Resources */ = {isa = PBXBuildFile; fileRef = 62BDB3C52AFF680B004519F1 /* FeatureListViewController.xib */; };
		62BDB3CA2AFF71D7004519F1 /* RxBlocking in Frameworks */ = {isa = PBXBuildFile; productRef = 62BDB3C92AFF71D7004519F1 /* RxBlocking */; };
		62BDB3CC2AFF71D7004519F1 /* RxBlocking-Dynamic in Frameworks */ = {isa = PBXBuildFile; productRef = 62BDB3CB2AFF71D7004519F1 /* RxBlocking-Dynamic */; };
		62BDB3CE2AFF71D7004519F1 /* RxCocoa in Frameworks */ = {isa = PBXBuildFile; productRef = 62BDB3CD2AFF71D7004519F1 /* RxCocoa */; };
		62BDB3D02AFF71D7004519F1 /* RxCocoa-Dynamic in Frameworks */ = {isa = PBXBuildFile; productRef = 62BDB3CF2AFF71D7004519F1 /* RxCocoa-Dynamic */; };
		62BDB3D22AFF71D7004519F1 /* RxRelay in Frameworks */ = {isa = PBXBuildFile; productRef = 62BDB3D12AFF71D7004519F1 /* RxRelay */; };
		62BDB3D42AFF723C004519F1 /* ModelListViewModel.swift in Sources */ = {isa = PBXBuildFile; fileRef = 62BDB3D32AFF723C004519F1 /* ModelListViewModel.swift */; };
		62F48D072AFDE79500057F24 /* Alamofire in Frameworks */ = {isa = PBXBuildFile; productRef = 62F48D062AFDE79500057F24 /* Alamofire */; };
		62F48D1A2AFDED1900057F24 /* APIHelper.swift in Sources */ = {isa = PBXBuildFile; fileRef = 62F48D0B2AFDED1900057F24 /* APIHelper.swift */; };
		62F48D1B2AFDED1900057F24 /* AlamofireImplementations.swift in Sources */ = {isa = PBXBuildFile; fileRef = 62F48D0C2AFDED1900057F24 /* AlamofireImplementations.swift */; };
		62F48D1C2AFDED1900057F24 /* JSONValue.swift in Sources */ = {isa = PBXBuildFile; fileRef = 62F48D0D2AFDED1900057F24 /* JSONValue.swift */; };
		62F48D1D2AFDED1900057F24 /* VehicleAPI.swift in Sources */ = {isa = PBXBuildFile; fileRef = 62F48D0F2AFDED1900057F24 /* VehicleAPI.swift */; };
		62F48D1E2AFDED1900057F24 /* PricingAPI.swift in Sources */ = {isa = PBXBuildFile; fileRef = 62F48D102AFDED1900057F24 /* PricingAPI.swift */; };
		62F48D1F2AFDED1900057F24 /* CodableHelper.swift in Sources */ = {isa = PBXBuildFile; fileRef = 62F48D112AFDED1900057F24 /* CodableHelper.swift */; };
		62F48D202AFDED1900057F24 /* JSONEncodableEncoding.swift in Sources */ = {isa = PBXBuildFile; fileRef = 62F48D122AFDED1900057F24 /* JSONEncodableEncoding.swift */; };
		62F48D212AFDED1900057F24 /* APIs.swift in Sources */ = {isa = PBXBuildFile; fileRef = 62F48D132AFDED1900057F24 /* APIs.swift */; };
		62F48D222AFDED1900057F24 /* ApiPricingsBody.swift in Sources */ = {isa = PBXBuildFile; fileRef = 62F48D152AFDED1900057F24 /* ApiPricingsBody.swift */; };
		62F48D232AFDED1900057F24 /* Extensions.swift in Sources */ = {isa = PBXBuildFile; fileRef = 62F48D162AFDED1900057F24 /* Extensions.swift */; };
		62F48D242AFDED1900057F24 /* JSONEncodingHelper.swift in Sources */ = {isa = PBXBuildFile; fileRef = 62F48D172AFDED1900057F24 /* JSONEncodingHelper.swift */; };
		62F48D252AFDED1900057F24 /* Models.swift in Sources */ = {isa = PBXBuildFile; fileRef = 62F48D182AFDED1900057F24 /* Models.swift */; };
		62F48D262AFDED1900057F24 /* Configuration.swift in Sources */ = {isa = PBXBuildFile; fileRef = 62F48D192AFDED1900057F24 /* Configuration.swift */; };
/* End PBXBuildFile section */

/* Begin PBXFileReference section */
		620A52AD2B01774E00449D0D /* ColorViewController.swift */ = {isa = PBXFileReference; lastKnownFileType = sourcecode.swift; path = ColorViewController.swift; sourceTree = "<group>"; };
		620A52AE2B01774E00449D0D /* ColorViewController.xib */ = {isa = PBXFileReference; lastKnownFileType = file.xib; path = ColorViewController.xib; sourceTree = "<group>"; };
		620A52B12B01775B00449D0D /* ColorViewModel.swift */ = {isa = PBXFileReference; lastKnownFileType = sourcecode.swift; path = ColorViewModel.swift; sourceTree = "<group>"; };
		620A52B32B017A4100449D0D /* KilometrageViewController.swift */ = {isa = PBXFileReference; lastKnownFileType = sourcecode.swift; path = KilometrageViewController.swift; sourceTree = "<group>"; };
		620A52B42B017A4100449D0D /* KilometrageViewController.xib */ = {isa = PBXFileReference; lastKnownFileType = file.xib; path = KilometrageViewController.xib; sourceTree = "<group>"; };
		620A52B72B017BE100449D0D /* Extension+UITextField.swift */ = {isa = PBXFileReference; lastKnownFileType = sourcecode.swift; path = "Extension+UITextField.swift"; sourceTree = "<group>"; };
		620A52B92B01806000449D0D /* Extension+String.swift */ = {isa = PBXFileReference; lastKnownFileType = sourcecode.swift; path = "Extension+String.swift"; sourceTree = "<group>"; };
		620A52BB2B01FF1B00449D0D /* ShowPriceViewController.swift */ = {isa = PBXFileReference; lastKnownFileType = sourcecode.swift; path = ShowPriceViewController.swift; sourceTree = "<group>"; };
		6237C8172AFDF50600E6B460 /* BasicFeatures.swift */ = {isa = PBXFileReference; lastKnownFileType = sourcecode.swift; path = BasicFeatures.swift; sourceTree = "<group>"; };
		62394D172AFF7DB80036EC55 /* BaseViewController.swift */ = {isa = PBXFileReference; lastKnownFileType = sourcecode.swift; path = BaseViewController.swift; sourceTree = "<group>"; };
		62394D192AFF8BC90036EC55 /* MakesListViewController.swift */ = {isa = PBXFileReference; lastKnownFileType = sourcecode.swift; path = MakesListViewController.swift; sourceTree = "<group>"; };
		62394D1A2AFF8BC90036EC55 /* MakesListViewController.xib */ = {isa = PBXFileReference; lastKnownFileType = file.xib; path = MakesListViewController.xib; sourceTree = "<group>"; };
		62394D1D2AFF96F70036EC55 /* CarInfoModel.swift */ = {isa = PBXFileReference; lastKnownFileType = sourcecode.swift; path = CarInfoModel.swift; sourceTree = "<group>"; };
		62394D1F2AFFC1BC0036EC55 /* TrimsListViewController.swift */ = {isa = PBXFileReference; lastKnownFileType = sourcecode.swift; path = TrimsListViewController.swift; sourceTree = "<group>"; };
		62394D202AFFC1BC0036EC55 /* TrimsListViewController.xib */ = {isa = PBXFileReference; lastKnownFileType = file.xib; path = TrimsListViewController.xib; sourceTree = "<group>"; };
		62394D272AFFF83B0036EC55 /* MakesListViewModel.swift */ = {isa = PBXFileReference; lastKnownFileType = sourcecode.swift; path = MakesListViewModel.swift; sourceTree = "<group>"; };
		62394D292AFFF8880036EC55 /* BaseViewModel.swift */ = {isa = PBXFileReference; lastKnownFileType = sourcecode.swift; path = BaseViewModel.swift; sourceTree = "<group>"; };
		62394D2B2AFFFA190036EC55 /* TrimsListViewModel.swift */ = {isa = PBXFileReference; lastKnownFileType = sourcecode.swift; path = TrimsListViewModel.swift; sourceTree = "<group>"; };
		62394D2D2AFFFBAF0036EC55 /* ResultListViewModel.swift */ = {isa = PBXFileReference; lastKnownFileType = sourcecode.swift; path = ResultListViewModel.swift; sourceTree = "<group>"; };
		626E18862B021E7C00E1C416 /* Extension+Int.swift */ = {isa = PBXFileReference; lastKnownFileType = sourcecode.swift; path = "Extension+Int.swift"; sourceTree = "<group>"; };
		626E18892B02253000E1C416 /* CustomTableViewCell.swift */ = {isa = PBXFileReference; lastKnownFileType = sourcecode.swift; path = CustomTableViewCell.swift; sourceTree = "<group>"; };
		626E188A2B02253000E1C416 /* CustomTableViewCell.xib */ = {isa = PBXFileReference; lastKnownFileType = file.xib; path = CustomTableViewCell.xib; sourceTree = "<group>"; };
		626E188D2B022D4F00E1C416 /* ShadowView.swift */ = {isa = PBXFileReference; lastKnownFileType = sourcecode.swift; path = ShadowView.swift; sourceTree = "<group>"; };
		626E188F2B0294E700E1C416 /* CustomButton.swift */ = {isa = PBXFileReference; lastKnownFileType = sourcecode.swift; path = CustomButton.swift; sourceTree = "<group>"; };
		62A0CECC2AFDE6E100BE9340 /* KacaSatar.app */ = {isa = PBXFileReference; explicitFileType = wrapper.application; includeInIndex = 0; path = KacaSatar.app; sourceTree = BUILT_PRODUCTS_DIR; };
		62A0CECF2AFDE6E100BE9340 /* AppDelegate.swift */ = {isa = PBXFileReference; lastKnownFileType = sourcecode.swift; path = AppDelegate.swift; sourceTree = "<group>"; };
		62A0CED12AFDE6E100BE9340 /* SceneDelegate.swift */ = {isa = PBXFileReference; lastKnownFileType = sourcecode.swift; path = SceneDelegate.swift; sourceTree = "<group>"; };
		62A0CED32AFDE6E100BE9340 /* ViewController.swift */ = {isa = PBXFileReference; lastKnownFileType = sourcecode.swift; path = ViewController.swift; sourceTree = "<group>"; };
		62A0CED62AFDE6E100BE9340 /* Base */ = {isa = PBXFileReference; lastKnownFileType = file.storyboard; name = Base; path = Base.lproj/Main.storyboard; sourceTree = "<group>"; };
		62A0CED82AFDE6E300BE9340 /* Assets.xcassets */ = {isa = PBXFileReference; lastKnownFileType = folder.assetcatalog; path = Assets.xcassets; sourceTree = "<group>"; };
		62A0CEDB2AFDE6E300BE9340 /* Base */ = {isa = PBXFileReference; lastKnownFileType = file.storyboard; name = Base; path = Base.lproj/LaunchScreen.storyboard; sourceTree = "<group>"; };
		62A0CEDD2AFDE6E300BE9340 /* Info.plist */ = {isa = PBXFileReference; lastKnownFileType = text.plist.xml; path = Info.plist; sourceTree = "<group>"; };
		62B7F7932B01337C000ED864 /* CustomPickerView.swift */ = {isa = PBXFileReference; lastKnownFileType = sourcecode.swift; path = CustomPickerView.swift; sourceTree = "<group>"; };
		62B7F7952B016AA4000ED864 /* ChooseTrimViewController.swift */ = {isa = PBXFileReference; lastKnownFileType = sourcecode.swift; path = ChooseTrimViewController.swift; sourceTree = "<group>"; };
		62B7F7962B016AA4000ED864 /* ChooseTrimViewController.xib */ = {isa = PBXFileReference; lastKnownFileType = file.xib; path = ChooseTrimViewController.xib; sourceTree = "<group>"; };
		62B7F7992B016B07000ED864 /* ChooseTrimViewModel.swift */ = {isa = PBXFileReference; lastKnownFileType = sourcecode.swift; path = ChooseTrimViewModel.swift; sourceTree = "<group>"; };
		62BDB3B72AFF112D004519F1 /* Trims.swift */ = {isa = PBXFileReference; lastKnownFileType = sourcecode.swift; path = Trims.swift; sourceTree = "<group>"; };
		62BDB3B92AFF11F1004519F1 /* Config.swift */ = {isa = PBXFileReference; lastKnownFileType = sourcecode.swift; path = Config.swift; sourceTree = "<group>"; };
		62BDB3BB2AFF170D004519F1 /* PriceResult.swift */ = {isa = PBXFileReference; lastKnownFileType = sourcecode.swift; path = PriceResult.swift; sourceTree = "<group>"; };
		62BDB3C02AFF6457004519F1 /* DataManager.swift */ = {isa = PBXFileReference; lastKnownFileType = sourcecode.swift; path = DataManager.swift; sourceTree = "<group>"; };
		62BDB3C42AFF680B004519F1 /* FeatureListViewController.swift */ = {isa = PBXFileReference; lastKnownFileType = sourcecode.swift; path = FeatureListViewController.swift; sourceTree = "<group>"; };
		62BDB3C52AFF680B004519F1 /* FeatureListViewController.xib */ = {isa = PBXFileReference; lastKnownFileType = file.xib; path = FeatureListViewController.xib; sourceTree = "<group>"; };
		62BDB3D32AFF723C004519F1 /* ModelListViewModel.swift */ = {isa = PBXFileReference; lastKnownFileType = sourcecode.swift; path = ModelListViewModel.swift; sourceTree = "<group>"; };
		62F48D0B2AFDED1900057F24 /* APIHelper.swift */ = {isa = PBXFileReference; fileEncoding = 4; lastKnownFileType = sourcecode.swift; path = APIHelper.swift; sourceTree = "<group>"; };
		62F48D0C2AFDED1900057F24 /* AlamofireImplementations.swift */ = {isa = PBXFileReference; fileEncoding = 4; lastKnownFileType = sourcecode.swift; path = AlamofireImplementations.swift; sourceTree = "<group>"; };
		62F48D0D2AFDED1900057F24 /* JSONValue.swift */ = {isa = PBXFileReference; fileEncoding = 4; lastKnownFileType = sourcecode.swift; path = JSONValue.swift; sourceTree = "<group>"; };
		62F48D0F2AFDED1900057F24 /* VehicleAPI.swift */ = {isa = PBXFileReference; fileEncoding = 4; lastKnownFileType = sourcecode.swift; path = VehicleAPI.swift; sourceTree = "<group>"; };
		62F48D102AFDED1900057F24 /* PricingAPI.swift */ = {isa = PBXFileReference; fileEncoding = 4; lastKnownFileType = sourcecode.swift; path = PricingAPI.swift; sourceTree = "<group>"; };
		62F48D112AFDED1900057F24 /* CodableHelper.swift */ = {isa = PBXFileReference; fileEncoding = 4; lastKnownFileType = sourcecode.swift; path = CodableHelper.swift; sourceTree = "<group>"; };
		62F48D122AFDED1900057F24 /* JSONEncodableEncoding.swift */ = {isa = PBXFileReference; fileEncoding = 4; lastKnownFileType = sourcecode.swift; path = JSONEncodableEncoding.swift; sourceTree = "<group>"; };
		62F48D132AFDED1900057F24 /* APIs.swift */ = {isa = PBXFileReference; fileEncoding = 4; lastKnownFileType = sourcecode.swift; path = APIs.swift; sourceTree = "<group>"; };
		62F48D152AFDED1900057F24 /* ApiPricingsBody.swift */ = {isa = PBXFileReference; fileEncoding = 4; lastKnownFileType = sourcecode.swift; path = ApiPricingsBody.swift; sourceTree = "<group>"; };
		62F48D162AFDED1900057F24 /* Extensions.swift */ = {isa = PBXFileReference; fileEncoding = 4; lastKnownFileType = sourcecode.swift; path = Extensions.swift; sourceTree = "<group>"; };
		62F48D172AFDED1900057F24 /* JSONEncodingHelper.swift */ = {isa = PBXFileReference; fileEncoding = 4; lastKnownFileType = sourcecode.swift; path = JSONEncodingHelper.swift; sourceTree = "<group>"; };
		62F48D182AFDED1900057F24 /* Models.swift */ = {isa = PBXFileReference; fileEncoding = 4; lastKnownFileType = sourcecode.swift; path = Models.swift; sourceTree = "<group>"; };
		62F48D192AFDED1900057F24 /* Configuration.swift */ = {isa = PBXFileReference; fileEncoding = 4; lastKnownFileType = sourcecode.swift; path = Configuration.swift; sourceTree = "<group>"; };
/* End PBXFileReference section */

/* Begin PBXFrameworksBuildPhase section */
		62A0CEC92AFDE6E100BE9340 /* Frameworks */ = {
			isa = PBXFrameworksBuildPhase;
			buildActionMask = 2147483647;
			files = (
				62BDB3D22AFF71D7004519F1 /* RxRelay in Frameworks */,
				62BDB3CC2AFF71D7004519F1 /* RxBlocking-Dynamic in Frameworks */,
				62BDB3D02AFF71D7004519F1 /* RxCocoa-Dynamic in Frameworks */,
				62F48D072AFDE79500057F24 /* Alamofire in Frameworks */,
				62BDB3CE2AFF71D7004519F1 /* RxCocoa in Frameworks */,
				62BDB3CA2AFF71D7004519F1 /* RxBlocking in Frameworks */,
			);
			runOnlyForDeploymentPostprocessing = 0;
		};
/* End PBXFrameworksBuildPhase section */

/* Begin PBXGroup section */
		626E18882B02251F00E1C416 /* Cells */ = {
			isa = PBXGroup;
			children = (
				626E18892B02253000E1C416 /* CustomTableViewCell.swift */,
				626E188A2B02253000E1C416 /* CustomTableViewCell.xib */,
			);
			path = Cells;
			sourceTree = "<group>";
		};
		62A0CEC32AFDE6E100BE9340 = {
			isa = PBXGroup;
			children = (
				62A0CECE2AFDE6E100BE9340 /* KacaSatar */,
				62A0CECD2AFDE6E100BE9340 /* Products */,
			);
			sourceTree = "<group>";
		};
		62A0CECD2AFDE6E100BE9340 /* Products */ = {
			isa = PBXGroup;
			children = (
				62A0CECC2AFDE6E100BE9340 /* KacaSatar.app */,
			);
			name = Products;
			sourceTree = "<group>";
		};
		62A0CECE2AFDE6E100BE9340 /* KacaSatar */ = {
			isa = PBXGroup;
			children = (
				62BDB3BF2AFF6444004519F1 /* Helpers */,
				62F48D142AFDED1900057F24 /* Models */,
				62BDB3BE2AFF57D1004519F1 /* Views */,
				62BDB3BD2AFF579A004519F1 /* ViewModels */,
				62A0CECF2AFDE6E100BE9340 /* AppDelegate.swift */,
				62A0CED12AFDE6E100BE9340 /* SceneDelegate.swift */,
				62A0CED82AFDE6E300BE9340 /* Assets.xcassets */,
				62A0CEDA2AFDE6E300BE9340 /* LaunchScreen.storyboard */,
				62A0CEDD2AFDE6E300BE9340 /* Info.plist */,
				62F48D082AFDED1900057F24 /* SwaggerClient */,
			);
			path = KacaSatar;
			sourceTree = "<group>";
		};
		62BDB3BD2AFF579A004519F1 /* ViewModels */ = {
			isa = PBXGroup;
			children = (
				62394D292AFFF8880036EC55 /* BaseViewModel.swift */,
				62BDB3D32AFF723C004519F1 /* ModelListViewModel.swift */,
				62394D272AFFF83B0036EC55 /* MakesListViewModel.swift */,
				62394D2B2AFFFA190036EC55 /* TrimsListViewModel.swift */,
				62B7F7992B016B07000ED864 /* ChooseTrimViewModel.swift */,
				620A52B12B01775B00449D0D /* ColorViewModel.swift */,
				62394D2D2AFFFBAF0036EC55 /* ResultListViewModel.swift */,
			);
			path = ViewModels;
			sourceTree = "<group>";
		};
		62BDB3BE2AFF57D1004519F1 /* Views */ = {
			isa = PBXGroup;
			children = (
				626E18882B02251F00E1C416 /* Cells */,
				62A0CED32AFDE6E100BE9340 /* ViewController.swift */,
				62A0CED52AFDE6E100BE9340 /* Main.storyboard */,
				62BDB3C42AFF680B004519F1 /* FeatureListViewController.swift */,
				62BDB3C52AFF680B004519F1 /* FeatureListViewController.xib */,
				62394D192AFF8BC90036EC55 /* MakesListViewController.swift */,
				62394D1A2AFF8BC90036EC55 /* MakesListViewController.xib */,
				62394D1F2AFFC1BC0036EC55 /* TrimsListViewController.swift */,
				62394D202AFFC1BC0036EC55 /* TrimsListViewController.xib */,
				62B7F7952B016AA4000ED864 /* ChooseTrimViewController.swift */,
				62B7F7962B016AA4000ED864 /* ChooseTrimViewController.xib */,
				620A52AD2B01774E00449D0D /* ColorViewController.swift */,
				620A52AE2B01774E00449D0D /* ColorViewController.xib */,
				620A52B32B017A4100449D0D /* KilometrageViewController.swift */,
				620A52B42B017A4100449D0D /* KilometrageViewController.xib */,
				620A52BB2B01FF1B00449D0D /* ShowPriceViewController.swift */,
			);
			path = Views;
			sourceTree = "<group>";
		};
		62BDB3BF2AFF6444004519F1 /* Helpers */ = {
			isa = PBXGroup;
			children = (
				62BDB3C02AFF6457004519F1 /* DataManager.swift */,
				62394D172AFF7DB80036EC55 /* BaseViewController.swift */,
				62B7F7932B01337C000ED864 /* CustomPickerView.swift */,
				620A52B72B017BE100449D0D /* Extension+UITextField.swift */,
				620A52B92B01806000449D0D /* Extension+String.swift */,
				626E18862B021E7C00E1C416 /* Extension+Int.swift */,
				626E188D2B022D4F00E1C416 /* ShadowView.swift */,
				626E188F2B0294E700E1C416 /* CustomButton.swift */,
			);
			path = Helpers;
			sourceTree = "<group>";
		};
		62F48D082AFDED1900057F24 /* SwaggerClient */ = {
			isa = PBXGroup;
			children = (
				62F48D092AFDED1900057F24 /* Classes */,
			);
			path = SwaggerClient;
			sourceTree = "<group>";
		};
		62F48D092AFDED1900057F24 /* Classes */ = {
			isa = PBXGroup;
			children = (
				62F48D0A2AFDED1900057F24 /* Swaggers */,
			);
			path = Classes;
			sourceTree = "<group>";
		};
		62F48D0A2AFDED1900057F24 /* Swaggers */ = {
			isa = PBXGroup;
			children = (
				62F48D0B2AFDED1900057F24 /* APIHelper.swift */,
				62F48D0C2AFDED1900057F24 /* AlamofireImplementations.swift */,
				62F48D0D2AFDED1900057F24 /* JSONValue.swift */,
				62F48D0E2AFDED1900057F24 /* APIs */,
				62F48D112AFDED1900057F24 /* CodableHelper.swift */,
				62F48D122AFDED1900057F24 /* JSONEncodableEncoding.swift */,
				62F48D132AFDED1900057F24 /* APIs.swift */,
				62F48D162AFDED1900057F24 /* Extensions.swift */,
				62F48D172AFDED1900057F24 /* JSONEncodingHelper.swift */,
				62F48D182AFDED1900057F24 /* Models.swift */,
				62F48D192AFDED1900057F24 /* Configuration.swift */,
			);
			path = Swaggers;
			sourceTree = "<group>";
		};
		62F48D0E2AFDED1900057F24 /* APIs */ = {
			isa = PBXGroup;
			children = (
				62F48D0F2AFDED1900057F24 /* VehicleAPI.swift */,
				62F48D102AFDED1900057F24 /* PricingAPI.swift */,
			);
			path = APIs;
			sourceTree = "<group>";
		};
		62F48D142AFDED1900057F24 /* Models */ = {
			isa = PBXGroup;
			children = (
				62F48D152AFDED1900057F24 /* ApiPricingsBody.swift */,
				6237C8172AFDF50600E6B460 /* BasicFeatures.swift */,
				62BDB3B72AFF112D004519F1 /* Trims.swift */,
				62BDB3B92AFF11F1004519F1 /* Config.swift */,
				62BDB3BB2AFF170D004519F1 /* PriceResult.swift */,
				62394D1D2AFF96F70036EC55 /* CarInfoModel.swift */,
			);
			path = Models;
			sourceTree = "<group>";
		};
/* End PBXGroup section */

/* Begin PBXNativeTarget section */
		62A0CECB2AFDE6E100BE9340 /* KacaSatar */ = {
			isa = PBXNativeTarget;
			buildConfigurationList = 62A0CEE02AFDE6E300BE9340 /* Build configuration list for PBXNativeTarget "KacaSatar" */;
			buildPhases = (
				62A0CEC82AFDE6E100BE9340 /* Sources */,
				62A0CEC92AFDE6E100BE9340 /* Frameworks */,
				62A0CECA2AFDE6E100BE9340 /* Resources */,
			);
			buildRules = (
			);
			dependencies = (
			);
			name = KacaSatar;
			packageProductDependencies = (
				62F48D062AFDE79500057F24 /* Alamofire */,
				62BDB3C92AFF71D7004519F1 /* RxBlocking */,
				62BDB3CB2AFF71D7004519F1 /* RxBlocking-Dynamic */,
				62BDB3CD2AFF71D7004519F1 /* RxCocoa */,
				62BDB3CF2AFF71D7004519F1 /* RxCocoa-Dynamic */,
				62BDB3D12AFF71D7004519F1 /* RxRelay */,
			);
			productName = KacaSatar;
			productReference = 62A0CECC2AFDE6E100BE9340 /* KacaSatar.app */;
			productType = "com.apple.product-type.application";
		};
/* End PBXNativeTarget section */

/* Begin PBXProject section */
		62A0CEC42AFDE6E100BE9340 /* Project object */ = {
			isa = PBXProject;
			attributes = {
				BuildIndependentTargetsInParallel = 1;
				LastSwiftUpdateCheck = 1500;
				LastUpgradeCheck = 1500;
				TargetAttributes = {
					62A0CECB2AFDE6E100BE9340 = {
						CreatedOnToolsVersion = 15.0.1;
					};
				};
			};
			buildConfigurationList = 62A0CEC72AFDE6E100BE9340 /* Build configuration list for PBXProject "KacaSatar" */;
			compatibilityVersion = "Xcode 14.0";
			developmentRegion = en;
			hasScannedForEncodings = 0;
			knownRegions = (
				en,
				Base,
			);
			mainGroup = 62A0CEC32AFDE6E100BE9340;
			packageReferences = (
				62F48D052AFDE79500057F24 /* XCRemoteSwiftPackageReference "Alamofire" */,
				62BDB3C82AFF71D7004519F1 /* XCRemoteSwiftPackageReference "RxSwift" */,
			);
			productRefGroup = 62A0CECD2AFDE6E100BE9340 /* Products */;
			projectDirPath = "";
			projectRoot = "";
			targets = (
				62A0CECB2AFDE6E100BE9340 /* KacaSatar */,
			);
		};
/* End PBXProject section */

/* Begin PBXResourcesBuildPhase section */
		62A0CECA2AFDE6E100BE9340 /* Resources */ = {
			isa = PBXResourcesBuildPhase;
			buildActionMask = 2147483647;
			files = (
				62A0CEDC2AFDE6E300BE9340 /* LaunchScreen.storyboard in Resources */,
				620A52B62B017A4100449D0D /* KilometrageViewController.xib in Resources */,
				62B7F7982B016AA4000ED864 /* ChooseTrimViewController.xib in Resources */,
				62394D1C2AFF8BC90036EC55 /* MakesListViewController.xib in Resources */,
				62394D222AFFC1BC0036EC55 /* TrimsListViewController.xib in Resources */,
				620A52B02B01774E00449D0D /* ColorViewController.xib in Resources */,
				62BDB3C72AFF680B004519F1 /* FeatureListViewController.xib in Resources */,
				62A0CED92AFDE6E300BE9340 /* Assets.xcassets in Resources */,
				62A0CED72AFDE6E100BE9340 /* Main.storyboard in Resources */,
				626E188C2B02253000E1C416 /* CustomTableViewCell.xib in Resources */,
			);
			runOnlyForDeploymentPostprocessing = 0;
		};
/* End PBXResourcesBuildPhase section */

/* Begin PBXSourcesBuildPhase section */
		62A0CEC82AFDE6E100BE9340 /* Sources */ = {
			isa = PBXSourcesBuildPhase;
			buildActionMask = 2147483647;
			files = (
				620A52BA2B01806000449D0D /* Extension+String.swift in Sources */,
				62394D1B2AFF8BC90036EC55 /* MakesListViewController.swift in Sources */,
				62F48D202AFDED1900057F24 /* JSONEncodableEncoding.swift in Sources */,
				62F48D1A2AFDED1900057F24 /* APIHelper.swift in Sources */,
				62F48D1E2AFDED1900057F24 /* PricingAPI.swift in Sources */,
				62BDB3B82AFF112D004519F1 /* Trims.swift in Sources */,
				62394D2C2AFFFA190036EC55 /* TrimsListViewModel.swift in Sources */,
				62B7F79A2B016B07000ED864 /* ChooseTrimViewModel.swift in Sources */,
				620A52BC2B01FF1B00449D0D /* ShowPriceViewController.swift in Sources */,
				62BDB3BA2AFF11F1004519F1 /* Config.swift in Sources */,
				62394D212AFFC1BC0036EC55 /* TrimsListViewController.swift in Sources */,
				62394D182AFF7DB80036EC55 /* BaseViewController.swift in Sources */,
				626E188E2B022D4F00E1C416 /* ShadowView.swift in Sources */,
				62BDB3C62AFF680B004519F1 /* FeatureListViewController.swift in Sources */,
				620A52B52B017A4100449D0D /* KilometrageViewController.swift in Sources */,
				62394D1E2AFF96F70036EC55 /* CarInfoModel.swift in Sources */,
				620A52B82B017BE100449D0D /* Extension+UITextField.swift in Sources */,
				62A0CED42AFDE6E100BE9340 /* ViewController.swift in Sources */,
				626E18872B021E7C00E1C416 /* Extension+Int.swift in Sources */,
				62394D2A2AFFF8880036EC55 /* BaseViewModel.swift in Sources */,
				62F48D1D2AFDED1900057F24 /* VehicleAPI.swift in Sources */,
				6237C8182AFDF50600E6B460 /* BasicFeatures.swift in Sources */,
				62F48D212AFDED1900057F24 /* APIs.swift in Sources */,
				62394D282AFFF83B0036EC55 /* MakesListViewModel.swift in Sources */,
				62F48D262AFDED1900057F24 /* Configuration.swift in Sources */,
				62BDB3C12AFF6457004519F1 /* DataManager.swift in Sources */,
				62BDB3BC2AFF170D004519F1 /* PriceResult.swift in Sources */,
				620A52B22B01775B00449D0D /* ColorViewModel.swift in Sources */,
				62A0CED02AFDE6E100BE9340 /* AppDelegate.swift in Sources */,
				62B7F7942B01337C000ED864 /* CustomPickerView.swift in Sources */,
				62F48D222AFDED1900057F24 /* ApiPricingsBody.swift in Sources */,
				62F48D242AFDED1900057F24 /* JSONEncodingHelper.swift in Sources */,
				62F48D252AFDED1900057F24 /* Models.swift in Sources */,
				62B7F7972B016AA4000ED864 /* ChooseTrimViewController.swift in Sources */,
				62BDB3D42AFF723C004519F1 /* ModelListViewModel.swift in Sources */,
				62F48D232AFDED1900057F24 /* Extensions.swift in Sources */,
				62394D2E2AFFFBAF0036EC55 /* ResultListViewModel.swift in Sources */,
				62F48D1C2AFDED1900057F24 /* JSONValue.swift in Sources */,
				62A0CED22AFDE6E100BE9340 /* SceneDelegate.swift in Sources */,
				626E188B2B02253000E1C416 /* CustomTableViewCell.swift in Sources */,
				626E18902B0294E700E1C416 /* CustomButton.swift in Sources */,
				62F48D1F2AFDED1900057F24 /* CodableHelper.swift in Sources */,
				620A52AF2B01774E00449D0D /* ColorViewController.swift in Sources */,
				62F48D1B2AFDED1900057F24 /* AlamofireImplementations.swift in Sources */,
			);
			runOnlyForDeploymentPostprocessing = 0;
		};
/* End PBXSourcesBuildPhase section */

/* Begin PBXVariantGroup section */
		62A0CED52AFDE6E100BE9340 /* Main.storyboard */ = {
			isa = PBXVariantGroup;
			children = (
				62A0CED62AFDE6E100BE9340 /* Base */,
			);
			name = Main.storyboard;
			sourceTree = "<group>";
		};
		62A0CEDA2AFDE6E300BE9340 /* LaunchScreen.storyboard */ = {
			isa = PBXVariantGroup;
			children = (
				62A0CEDB2AFDE6E300BE9340 /* Base */,
			);
			name = LaunchScreen.storyboard;
			sourceTree = "<group>";
		};
/* End PBXVariantGroup section */

/* Begin XCBuildConfiguration section */
		62A0CEDE2AFDE6E300BE9340 /* Debug */ = {
			isa = XCBuildConfiguration;
			buildSettings = {
				ALWAYS_SEARCH_USER_PATHS = NO;
				ASSETCATALOG_COMPILER_GENERATE_SWIFT_ASSET_SYMBOL_EXTENSIONS = YES;
				CLANG_ANALYZER_NONNULL = YES;
				CLANG_ANALYZER_NUMBER_OBJECT_CONVERSION = YES_AGGRESSIVE;
				CLANG_CXX_LANGUAGE_STANDARD = "gnu++20";
				CLANG_ENABLE_MODULES = YES;
				CLANG_ENABLE_OBJC_ARC = YES;
				CLANG_ENABLE_OBJC_WEAK = YES;
				CLANG_WARN_BLOCK_CAPTURE_AUTORELEASING = YES;
				CLANG_WARN_BOOL_CONVERSION = YES;
				CLANG_WARN_COMMA = YES;
				CLANG_WARN_CONSTANT_CONVERSION = YES;
				CLANG_WARN_DEPRECATED_OBJC_IMPLEMENTATIONS = YES;
				CLANG_WARN_DIRECT_OBJC_ISA_USAGE = YES_ERROR;
				CLANG_WARN_DOCUMENTATION_COMMENTS = YES;
				CLANG_WARN_EMPTY_BODY = YES;
				CLANG_WARN_ENUM_CONVERSION = YES;
				CLANG_WARN_INFINITE_RECURSION = YES;
				CLANG_WARN_INT_CONVERSION = YES;
				CLANG_WARN_NON_LITERAL_NULL_CONVERSION = YES;
				CLANG_WARN_OBJC_IMPLICIT_RETAIN_SELF = YES;
				CLANG_WARN_OBJC_LITERAL_CONVERSION = YES;
				CLANG_WARN_OBJC_ROOT_CLASS = YES_ERROR;
				CLANG_WARN_QUOTED_INCLUDE_IN_FRAMEWORK_HEADER = YES;
				CLANG_WARN_RANGE_LOOP_ANALYSIS = YES;
				CLANG_WARN_STRICT_PROTOTYPES = YES;
				CLANG_WARN_SUSPICIOUS_MOVE = YES;
				CLANG_WARN_UNGUARDED_AVAILABILITY = YES_AGGRESSIVE;
				CLANG_WARN_UNREACHABLE_CODE = YES;
				CLANG_WARN__DUPLICATE_METHOD_MATCH = YES;
				COPY_PHASE_STRIP = NO;
				DEBUG_INFORMATION_FORMAT = dwarf;
				ENABLE_STRICT_OBJC_MSGSEND = YES;
				ENABLE_TESTABILITY = YES;
				ENABLE_USER_SCRIPT_SANDBOXING = YES;
				GCC_C_LANGUAGE_STANDARD = gnu17;
				GCC_DYNAMIC_NO_PIC = NO;
				GCC_NO_COMMON_BLOCKS = YES;
				GCC_OPTIMIZATION_LEVEL = 0;
				GCC_PREPROCESSOR_DEFINITIONS = (
					"DEBUG=1",
					"$(inherited)",
				);
				GCC_WARN_64_TO_32_BIT_CONVERSION = YES;
				GCC_WARN_ABOUT_RETURN_TYPE = YES_ERROR;
				GCC_WARN_UNDECLARED_SELECTOR = YES;
				GCC_WARN_UNINITIALIZED_AUTOS = YES_AGGRESSIVE;
				GCC_WARN_UNUSED_FUNCTION = YES;
				GCC_WARN_UNUSED_VARIABLE = YES;
				IPHONEOS_DEPLOYMENT_TARGET = 17.0;
				LOCALIZATION_PREFERS_STRING_CATALOGS = YES;
				MTL_ENABLE_DEBUG_INFO = INCLUDE_SOURCE;
				MTL_FAST_MATH = YES;
				ONLY_ACTIVE_ARCH = YES;
				SDKROOT = iphoneos;
				SWIFT_ACTIVE_COMPILATION_CONDITIONS = "DEBUG $(inherited)";
				SWIFT_OPTIMIZATION_LEVEL = "-Onone";
			};
			name = Debug;
		};
		62A0CEDF2AFDE6E300BE9340 /* Release */ = {
			isa = XCBuildConfiguration;
			buildSettings = {
				ALWAYS_SEARCH_USER_PATHS = NO;
				ASSETCATALOG_COMPILER_GENERATE_SWIFT_ASSET_SYMBOL_EXTENSIONS = YES;
				CLANG_ANALYZER_NONNULL = YES;
				CLANG_ANALYZER_NUMBER_OBJECT_CONVERSION = YES_AGGRESSIVE;
				CLANG_CXX_LANGUAGE_STANDARD = "gnu++20";
				CLANG_ENABLE_MODULES = YES;
				CLANG_ENABLE_OBJC_ARC = YES;
				CLANG_ENABLE_OBJC_WEAK = YES;
				CLANG_WARN_BLOCK_CAPTURE_AUTORELEASING = YES;
				CLANG_WARN_BOOL_CONVERSION = YES;
				CLANG_WARN_COMMA = YES;
				CLANG_WARN_CONSTANT_CONVERSION = YES;
				CLANG_WARN_DEPRECATED_OBJC_IMPLEMENTATIONS = YES;
				CLANG_WARN_DIRECT_OBJC_ISA_USAGE = YES_ERROR;
				CLANG_WARN_DOCUMENTATION_COMMENTS = YES;
				CLANG_WARN_EMPTY_BODY = YES;
				CLANG_WARN_ENUM_CONVERSION = YES;
				CLANG_WARN_INFINITE_RECURSION = YES;
				CLANG_WARN_INT_CONVERSION = YES;
				CLANG_WARN_NON_LITERAL_NULL_CONVERSION = YES;
				CLANG_WARN_OBJC_IMPLICIT_RETAIN_SELF = YES;
				CLANG_WARN_OBJC_LITERAL_CONVERSION = YES;
				CLANG_WARN_OBJC_ROOT_CLASS = YES_ERROR;
				CLANG_WARN_QUOTED_INCLUDE_IN_FRAMEWORK_HEADER = YES;
				CLANG_WARN_RANGE_LOOP_ANALYSIS = YES;
				CLANG_WARN_STRICT_PROTOTYPES = YES;
				CLANG_WARN_SUSPICIOUS_MOVE = YES;
				CLANG_WARN_UNGUARDED_AVAILABILITY = YES_AGGRESSIVE;
				CLANG_WARN_UNREACHABLE_CODE = YES;
				CLANG_WARN__DUPLICATE_METHOD_MATCH = YES;
				COPY_PHASE_STRIP = NO;
				DEBUG_INFORMATION_FORMAT = "dwarf-with-dsym";
				ENABLE_NS_ASSERTIONS = NO;
				ENABLE_STRICT_OBJC_MSGSEND = YES;
				ENABLE_USER_SCRIPT_SANDBOXING = YES;
				GCC_C_LANGUAGE_STANDARD = gnu17;
				GCC_NO_COMMON_BLOCKS = YES;
				GCC_WARN_64_TO_32_BIT_CONVERSION = YES;
				GCC_WARN_ABOUT_RETURN_TYPE = YES_ERROR;
				GCC_WARN_UNDECLARED_SELECTOR = YES;
				GCC_WARN_UNINITIALIZED_AUTOS = YES_AGGRESSIVE;
				GCC_WARN_UNUSED_FUNCTION = YES;
				GCC_WARN_UNUSED_VARIABLE = YES;
				IPHONEOS_DEPLOYMENT_TARGET = 17.0;
				LOCALIZATION_PREFERS_STRING_CATALOGS = YES;
				MTL_ENABLE_DEBUG_INFO = NO;
				MTL_FAST_MATH = YES;
				SDKROOT = iphoneos;
				SWIFT_COMPILATION_MODE = wholemodule;
				VALIDATE_PRODUCT = YES;
			};
			name = Release;
		};
		62A0CEE12AFDE6E300BE9340 /* Debug */ = {
			isa = XCBuildConfiguration;
			buildSettings = {
				ASSETCATALOG_COMPILER_APPICON_NAME = AppIcon;
				ASSETCATALOG_COMPILER_GLOBAL_ACCENT_COLOR_NAME = AccentColor;
				CODE_SIGN_STYLE = Automatic;
				CURRENT_PROJECT_VERSION = 1;
				DEVELOPMENT_TEAM = X53Q3SS7B5;
				GENERATE_INFOPLIST_FILE = YES;
				INFOPLIST_FILE = KacaSatar/Info.plist;
				INFOPLIST_KEY_UIApplicationSupportsIndirectInputEvents = YES;
				INFOPLIST_KEY_UILaunchStoryboardName = LaunchScreen;
				INFOPLIST_KEY_UIMainStoryboardFile = Main;
				INFOPLIST_KEY_UISupportedInterfaceOrientations_iPad = "UIInterfaceOrientationPortrait UIInterfaceOrientationPortraitUpsideDown UIInterfaceOrientationLandscapeLeft UIInterfaceOrientationLandscapeRight";
				INFOPLIST_KEY_UISupportedInterfaceOrientations_iPhone = "UIInterfaceOrientationPortrait UIInterfaceOrientationLandscapeLeft UIInterfaceOrientationLandscapeRight";
				IPHONEOS_DEPLOYMENT_TARGET = 15.0;
				LD_RUNPATH_SEARCH_PATHS = (
					"$(inherited)",
					"@executable_path/Frameworks",
				);
				MARKETING_VERSION = 1.0;
				PRODUCT_BUNDLE_IDENTIFIER = com.ahmetfahriyener.KacaSatar;
				PRODUCT_NAME = "$(TARGET_NAME)";
				SWIFT_EMIT_LOC_STRINGS = YES;
				SWIFT_VERSION = 5.0;
				TARGETED_DEVICE_FAMILY = "1,2";
			};
			name = Debug;
		};
		62A0CEE22AFDE6E300BE9340 /* Release */ = {
			isa = XCBuildConfiguration;
			buildSettings = {
				ASSETCATALOG_COMPILER_APPICON_NAME = AppIcon;
				ASSETCATALOG_COMPILER_GLOBAL_ACCENT_COLOR_NAME = AccentColor;
				CODE_SIGN_STYLE = Automatic;
				CURRENT_PROJECT_VERSION = 1;
				DEVELOPMENT_TEAM = X53Q3SS7B5;
				GENERATE_INFOPLIST_FILE = YES;
				INFOPLIST_FILE = KacaSatar/Info.plist;
				INFOPLIST_KEY_UIApplicationSupportsIndirectInputEvents = YES;
				INFOPLIST_KEY_UILaunchStoryboardName = LaunchScreen;
				INFOPLIST_KEY_UIMainStoryboardFile = Main;
				INFOPLIST_KEY_UISupportedInterfaceOrientations_iPad = "UIInterfaceOrientationPortrait UIInterfaceOrientationPortraitUpsideDown UIInterfaceOrientationLandscapeLeft UIInterfaceOrientationLandscapeRight";
				INFOPLIST_KEY_UISupportedInterfaceOrientations_iPhone = "UIInterfaceOrientationPortrait UIInterfaceOrientationLandscapeLeft UIInterfaceOrientationLandscapeRight";
				IPHONEOS_DEPLOYMENT_TARGET = 15.0;
				LD_RUNPATH_SEARCH_PATHS = (
					"$(inherited)",
					"@executable_path/Frameworks",
				);
				MARKETING_VERSION = 1.0;
				PRODUCT_BUNDLE_IDENTIFIER = com.ahmetfahriyener.KacaSatar;
				PRODUCT_NAME = "$(TARGET_NAME)";
				SWIFT_EMIT_LOC_STRINGS = YES;
				SWIFT_VERSION = 5.0;
				TARGETED_DEVICE_FAMILY = "1,2";
			};
			name = Release;
		};
/* End XCBuildConfiguration section */

/* Begin XCConfigurationList section */
		62A0CEC72AFDE6E100BE9340 /* Build configuration list for PBXProject "KacaSatar" */ = {
			isa = XCConfigurationList;
			buildConfigurations = (
				62A0CEDE2AFDE6E300BE9340 /* Debug */,
				62A0CEDF2AFDE6E300BE9340 /* Release */,
			);
			defaultConfigurationIsVisible = 0;
			defaultConfigurationName = Release;
		};
		62A0CEE02AFDE6E300BE9340 /* Build configuration list for PBXNativeTarget "KacaSatar" */ = {
			isa = XCConfigurationList;
			buildConfigurations = (
				62A0CEE12AFDE6E300BE9340 /* Debug */,
				62A0CEE22AFDE6E300BE9340 /* Release */,
			);
			defaultConfigurationIsVisible = 0;
			defaultConfigurationName = Release;
		};
/* End XCConfigurationList section */

/* Begin XCRemoteSwiftPackageReference section */
		62BDB3C82AFF71D7004519F1 /* XCRemoteSwiftPackageReference "RxSwift" */ = {
			isa = XCRemoteSwiftPackageReference;
			repositoryURL = "https://github.com/ReactiveX/RxSwift.git";
			requirement = {
				kind = upToNextMajorVersion;
				minimumVersion = 6.6.0;
			};
		};
		62F48D052AFDE79500057F24 /* XCRemoteSwiftPackageReference "Alamofire" */ = {
			isa = XCRemoteSwiftPackageReference;
			repositoryURL = "https://github.com/Alamofire/Alamofire.git";
			requirement = {
				kind = upToNextMajorVersion;
				minimumVersion = 4.9.0;
			};
		};
/* End XCRemoteSwiftPackageReference section */

/* Begin XCSwiftPackageProductDependency section */
		62BDB3C92AFF71D7004519F1 /* RxBlocking */ = {
			isa = XCSwiftPackageProductDependency;
			package = 62BDB3C82AFF71D7004519F1 /* XCRemoteSwiftPackageReference "RxSwift" */;
			productName = RxBlocking;
		};
		62BDB3CB2AFF71D7004519F1 /* RxBlocking-Dynamic */ = {
			isa = XCSwiftPackageProductDependency;
			package = 62BDB3C82AFF71D7004519F1 /* XCRemoteSwiftPackageReference "RxSwift" */;
			productName = "RxBlocking-Dynamic";
		};
		62BDB3CD2AFF71D7004519F1 /* RxCocoa */ = {
			isa = XCSwiftPackageProductDependency;
			package = 62BDB3C82AFF71D7004519F1 /* XCRemoteSwiftPackageReference "RxSwift" */;
			productName = RxCocoa;
		};
		62BDB3CF2AFF71D7004519F1 /* RxCocoa-Dynamic */ = {
			isa = XCSwiftPackageProductDependency;
			package = 62BDB3C82AFF71D7004519F1 /* XCRemoteSwiftPackageReference "RxSwift" */;
			productName = "RxCocoa-Dynamic";
		};
		62BDB3D12AFF71D7004519F1 /* RxRelay */ = {
			isa = XCSwiftPackageProductDependency;
			package = 62BDB3C82AFF71D7004519F1 /* XCRemoteSwiftPackageReference "RxSwift" */;
			productName = RxRelay;
		};
		62F48D062AFDE79500057F24 /* Alamofire */ = {
			isa = XCSwiftPackageProductDependency;
			package = 62F48D052AFDE79500057F24 /* XCRemoteSwiftPackageReference "Alamofire" */;
			productName = Alamofire;
		};
/* End XCSwiftPackageProductDependency section */
	};
	rootObject = 62A0CEC42AFDE6E100BE9340 /* Project object */;
}
